
Microsoft Visual Studio Solution File, Format Version 12.00
# Visual Studio Version 16
VisualStudioVersion = 16.0.30711.63
MinimumVisualStudioVersion = 10.0.40219.1
Project("{FAE04EC0-301F-11D3-BF4B-00C04F79EFBC}") = "PointofSale", "PointofSale.csproj", "{3285C90F-C85C-4D62-A864-2A82AE506FA6}"
EndProject
Global
	GlobalSection(SolutionConfigurationPlatforms) = preSolution
		Debug|Any CPU = Debug|Any CPU
		Release|Any CPU = Release|Any CPU
	EndGlobalSection
	GlobalSection(ProjectConfigurationPlatforms) = postSolution
		{3285C90F-C85C-4D62-A864-2A82AE506FA6}.Debug|Any CPU.ActiveCfg = Debug|Any CPU
		{3285C90F-C85C-4D62-A864-2A82AE506FA6}.Debug|Any CPU.Build.0 = Debug|Any CPU
		{3285C90F-C85C-4D62-A864-2A82AE506FA6}.Release|Any CPU.ActiveCfg = Release|Any CPU
		{3285C90F-C85C-4D62-A864-2A82AE506FA6}.Release|Any CPU.Build.0 = Release|Any CPU
	EndGlobalSection
	GlobalSection(SolutionProperties) = preSolution
		HideSolutionNode = FALSE
	EndGlobalSection
	GlobalSection(ExtensibilityGlobals) = postSolution
		SolutionGuid = {16FBA133-BB66-4E9C-922A-B35A412E6A1F}
	EndGlobalSection
EndGlobal
